
Microsoft Visual Studio Solution File, Format Version 12.00
# Visual Studio Version 16
VisualStudioVersion = 16.0.29306.81
MinimumVisualStudioVersion = 10.0.40219.1
Project("{FAE04EC0-301F-11D3-BF4B-00C04F79EFBC}") = "Lab2_Library", "Lab2_Library\Lab2_Library.csproj", "{526F6A57-90D5-458E-9885-DD4451B5EA0E}"
EndProject
Global
	GlobalSection(SolutionConfigurationPlatforms) = preSolution
		Debug|Any CPU = Debug|Any CPU
		Release|Any CPU = Release|Any CPU
	EndGlobalSection
	GlobalSection(ProjectConfigurationPlatforms) = postSolution
		{526F6A57-90D5-458E-9885-DD4451B5EA0E}.Debug|Any CPU.ActiveCfg = Debug|Any CPU
		{526F6A57-90D5-458E-9885-DD4451B5EA0E}.Debug|Any CPU.Build.0 = Debug|Any CPU
		{526F6A57-90D5-458E-9885-DD4451B5EA0E}.Release|Any CPU.ActiveCfg = Release|Any CPU
		{526F6A57-90D5-458E-9885-DD4451B5EA0E}.Release|Any CPU.Build.0 = Release|Any CPU
	EndGlobalSection
	GlobalSection(SolutionProperties) = preSolution
		HideSolutionNode = FALSE
	EndGlobalSection
	GlobalSection(ExtensibilityGlobals) = postSolution
		SolutionGuid = {0A419E9F-181B-43EF-8B95-D302134639CC}
	EndGlobalSection
EndGlobal
