
Microsoft Visual Studio Solution File, Format Version 12.00
# Visual Studio Version 16
VisualStudioVersion = 16.0.29306.81
MinimumVisualStudioVersion = 10.0.40219.1
Project("{9A19103F-16F7-4668-BE54-9A1E7A4F7556}") = "Lab2_Korotaev", "Lab2_Korotaev\Lab2_Korotaev.csproj", "{D9ABBA3A-E236-46DA-B83C-480852FED320}"
EndProject
Project("{9A19103F-16F7-4668-BE54-9A1E7A4F7556}") = "Lab2_Library", "..\Lab2_Library\Lab2_Library\Lab2_Library.csproj", "{CFC768DF-94A2-4091-B3AE-73B91C954AAB}"
EndProject
Global
	GlobalSection(SolutionConfigurationPlatforms) = preSolution
		Debug|Any CPU = Debug|Any CPU
		Release|Any CPU = Release|Any CPU
	EndGlobalSection
	GlobalSection(ProjectConfigurationPlatforms) = postSolution
		{D9ABBA3A-E236-46DA-B83C-480852FED320}.Debug|Any CPU.ActiveCfg = Debug|Any CPU
		{D9ABBA3A-E236-46DA-B83C-480852FED320}.Debug|Any CPU.Build.0 = Debug|Any CPU
		{D9ABBA3A-E236-46DA-B83C-480852FED320}.Release|Any CPU.ActiveCfg = Release|Any CPU
		{D9ABBA3A-E236-46DA-B83C-480852FED320}.Release|Any CPU.Build.0 = Release|Any CPU
		{CFC768DF-94A2-4091-B3AE-73B91C954AAB}.Debug|Any CPU.ActiveCfg = Debug|Any CPU
		{CFC768DF-94A2-4091-B3AE-73B91C954AAB}.Debug|Any CPU.Build.0 = Debug|Any CPU
		{CFC768DF-94A2-4091-B3AE-73B91C954AAB}.Release|Any CPU.ActiveCfg = Release|Any CPU
		{CFC768DF-94A2-4091-B3AE-73B91C954AAB}.Release|Any CPU.Build.0 = Release|Any CPU
	EndGlobalSection
	GlobalSection(SolutionProperties) = preSolution
		HideSolutionNode = FALSE
	EndGlobalSection
	GlobalSection(ExtensibilityGlobals) = postSolution
		SolutionGuid = {8F962970-12D1-4851-BF1C-EBF9C3DBB5B4}
	EndGlobalSection
EndGlobal
