
Microsoft Visual Studio Solution File, Format Version 12.00
# Visual Studio Version 16
VisualStudioVersion = 16.0.29306.81
MinimumVisualStudioVersion = 10.0.40219.1
Project("{FAE04EC0-301F-11D3-BF4B-00C04F79EFBC}") = "Lab3_Korotaev", "Lab3_Korotaev\Lab3_Korotaev.csproj", "{411CE5F9-94BA-4A06-A20F-6296FBC29A74}"
EndProject
Project("{9A19103F-16F7-4668-BE54-9A1E7A4F7556}") = "Lab2_Library", "..\Lab2_Library\Lab2_Library\Lab2_Library.csproj", "{7C0F4A10-BD29-435B-9917-F44CF67D6317}"
EndProject
Global
	GlobalSection(SolutionConfigurationPlatforms) = preSolution
		Debug|Any CPU = Debug|Any CPU
		Release|Any CPU = Release|Any CPU
	EndGlobalSection
	GlobalSection(ProjectConfigurationPlatforms) = postSolution
		{411CE5F9-94BA-4A06-A20F-6296FBC29A74}.Debug|Any CPU.ActiveCfg = Debug|Any CPU
		{411CE5F9-94BA-4A06-A20F-6296FBC29A74}.Debug|Any CPU.Build.0 = Debug|Any CPU
		{411CE5F9-94BA-4A06-A20F-6296FBC29A74}.Release|Any CPU.ActiveCfg = Release|Any CPU
		{411CE5F9-94BA-4A06-A20F-6296FBC29A74}.Release|Any CPU.Build.0 = Release|Any CPU
		{7C0F4A10-BD29-435B-9917-F44CF67D6317}.Debug|Any CPU.ActiveCfg = Debug|Any CPU
		{7C0F4A10-BD29-435B-9917-F44CF67D6317}.Debug|Any CPU.Build.0 = Debug|Any CPU
		{7C0F4A10-BD29-435B-9917-F44CF67D6317}.Release|Any CPU.ActiveCfg = Release|Any CPU
		{7C0F4A10-BD29-435B-9917-F44CF67D6317}.Release|Any CPU.Build.0 = Release|Any CPU
	EndGlobalSection
	GlobalSection(SolutionProperties) = preSolution
		HideSolutionNode = FALSE
	EndGlobalSection
	GlobalSection(ExtensibilityGlobals) = postSolution
		SolutionGuid = {E284A069-026A-41C0-BBBA-5CA38C7F672D}
	EndGlobalSection
EndGlobal
